
Microsoft Visual Studio Solution File, Format Version 12.00
# Visual Studio 2012
Project("{FAE04EC0-301F-11D3-BF4B-00C04F79EFBC}") = "zzProject.MVCExtender", "zzProject.MVCExtender\zzProject.MVCExtender.csproj", "{72E6DBF2-7774-486A-B029-D709B6D30462}"
EndProject
Global
	GlobalSection(SolutionConfigurationPlatforms) = preSolution
		Debug|Any CPU = Debug|Any CPU
		Release|Any CPU = Release|Any CPU
	EndGlobalSection
	GlobalSection(ProjectConfigurationPlatforms) = postSolution
		{72E6DBF2-7774-486A-B029-D709B6D30462}.Debug|Any CPU.ActiveCfg = Debug|Any CPU
		{72E6DBF2-7774-486A-B029-D709B6D30462}.Debug|Any CPU.Build.0 = Debug|Any CPU
		{72E6DBF2-7774-486A-B029-D709B6D30462}.Release|Any CPU.ActiveCfg = Release|Any CPU
		{72E6DBF2-7774-486A-B029-D709B6D30462}.Release|Any CPU.Build.0 = Release|Any CPU
	EndGlobalSection
	GlobalSection(SolutionProperties) = preSolution
		HideSolutionNode = FALSE
	EndGlobalSection
EndGlobal
